
Microsoft Visual Studio Solution File, Format Version 12.00
# Visual Studio Version 17
VisualStudioVersion = 17.6.33723.286
MinimumVisualStudioVersion = 10.0.40219.1
Project("{2150E333-8FDC-42A3-9474-1A3956D46DE8}") = "01. Inheritance - Exercise", "01. Inheritance - Exercise", "{432F7AAA-0152-41D4-9C45-6A1CB940A2CB}"
EndProject
Project("{9A19103F-16F7-4668-BE54-9A1E7A4F7556}") = "01.Person", "..\SOFTUNI OOP\01. Inheritance - Exercise\01. Person\01.Person.csproj", "{70B481D3-FFC1-488F-B264-8CF02DE09563}"
EndProject
Project("{9A19103F-16F7-4668-BE54-9A1E7A4F7556}") = "02.Zoo", "..\SOFTUNI OOP\01. Inheritance - Exercise\02. Zoo\02.Zoo.csproj", "{ED595D78-73CE-47EA-8670-F206618F08B2}"
EndProject
Project("{9A19103F-16F7-4668-BE54-9A1E7A4F7556}") = "03.PlayersAndMonsters", "..\SOFTUNI OOP\01. Inheritance - Exercise\03. Players and Monsters\03.PlayersAndMonsters.csproj", "{17F92D99-8D32-4A50-8792-5F0FDABB6FCC}"
EndProject
Project("{9A19103F-16F7-4668-BE54-9A1E7A4F7556}") = "04.NeedForSpeed", "..\SOFTUNI OOP\01. Inheritance - Exercise\04. Need for Speed\04.NeedForSpeed.csproj", "{74CFC909-3340-46DB-B80C-9B235B39A256}"
EndProject
Project("{9A19103F-16F7-4668-BE54-9A1E7A4F7556}") = "05.Restaurant", "..\SOFTUNI OOP\01. Inheritance - Exercise\05. Restaurant\05.Restaurant.csproj", "{2A57364F-B118-478F-B281-9BB4E37E75F4}"
EndProject
Project("{9A19103F-16F7-4668-BE54-9A1E7A4F7556}") = "06.Animals", "..\SOFTUNI OOP\01. Inheritance - Exercise\06. Animals\06.Animals.csproj", "{CBF9E11D-B93A-4D92-BF78-ACC8AFEB3BD7}"
EndProject
Project("{2150E333-8FDC-42A3-9474-1A3956D46DE8}") = "02. Encapsulation - Exercise", "02. Encapsulation - Exercise", "{030FC7D1-7F9D-4F4C-B079-B2A427A7B785}"
EndProject
Project("{9A19103F-16F7-4668-BE54-9A1E7A4F7556}") = "01.ClassBoxData", "..\SOFTUNI OOP\02. Encapsulation - Exercise\01. Class Box Data\01.ClassBoxData.csproj", "{87037EC7-2F23-4638-83BA-5E1B30A86165}"
EndProject
Project("{9A19103F-16F7-4668-BE54-9A1E7A4F7556}") = "02.AnimalFarm", "..\SOFTUNI OOP\02. Encapsulation - Exercise\02. Animal Farm\02.AnimalFarm.csproj", "{A85B12C6-8EEC-44C1-89C2-C6AFF99396EA}"
EndProject
Project("{9A19103F-16F7-4668-BE54-9A1E7A4F7556}") = "03.ShoppingSpree", "..\SOFTUNI OOP\02. Encapsulation - Exercise\03. Shopping Spree\03.ShoppingSpree.csproj", "{87A618EA-E72C-43D7-A4E9-C6EFA58BBD5D}"
EndProject
Project("{2150E333-8FDC-42A3-9474-1A3956D46DE8}") = "03. Interfaces and Abstraction - Exercise", "03. Interfaces and Abstraction - Exercise", "{CA3DF2B2-3DA6-4FFF-A907-66A4AC26B9AB}"
EndProject
Project("{9A19103F-16F7-4668-BE54-9A1E7A4F7556}") = "01.DefineAnInterfaceIPerson", "..\SOFTUNI OOP\03. Interfaces and Abstraction - Exercise\01. Define an Interface IPerson\01.DefineAnInterfaceIPerson.csproj", "{E1D6B614-5E00-4055-A0C7-CEA325F7355A}"
EndProject
Project("{9A19103F-16F7-4668-BE54-9A1E7A4F7556}") = "02.Multiple Implementation", "..\SOFTUNI OOP\03. Interfaces and Abstraction - Exercise\02. Multiple Implementation\02.Multiple Implementation.csproj", "{844E140D-C905-4BFA-93D6-737FA16E75BE}"
EndProject
Project("{9A19103F-16F7-4668-BE54-9A1E7A4F7556}") = "03.Telephony", "..\SOFTUNI OOP\03. Interfaces and Abstraction - Exercise\03. Telephony\03.Telephony.csproj", "{8A2BCA26-21B0-4881-87D3-420B1C8A64D0}"
EndProject
Project("{9A19103F-16F7-4668-BE54-9A1E7A4F7556}") = "04.BorderControl", "..\SOFTUNI OOP\03. Interfaces and Abstraction - Exercise\04. Border Control\04.BorderControl.csproj", "{AFFC305C-A33E-4FBF-8F7F-2A2438D28CD2}"
EndProject
Project("{9A19103F-16F7-4668-BE54-9A1E7A4F7556}") = "05.BirthdayCelebrations", "..\SOFTUNI OOP\03. Interfaces and Abstraction - Exercise\05. Birthday Celebrations\05.BirthdayCelebrations.csproj", "{6ABD8D8A-FEBC-4584-9210-8E8EB390D81D}"
EndProject
Project("{9A19103F-16F7-4668-BE54-9A1E7A4F7556}") = "06.FoodShortage", "..\SOFTUNI OOP\03. Interfaces and Abstraction - Exercise\06. Food Shortage\06.FoodShortage.csproj", "{66761913-8AD5-4FE6-A077-F5E8C0FE677A}"
EndProject
Project("{2150E333-8FDC-42A3-9474-1A3956D46DE8}") = "04. Polymorphism - Exercise", "04. Polymorphism - Exercise", "{ED776C36-C348-45D9-8A32-1E0FDCB66D68}"
EndProject
Project("{9A19103F-16F7-4668-BE54-9A1E7A4F7556}") = "01.Vehicles", "..\SOFTUNI OOP\04. Polymorphism - Exercise\01. Vehicles\01.Vehicles.csproj", "{A3DF77FC-2250-4354-9C7A-309B1A9DD19B}"
EndProject
Project("{9A19103F-16F7-4668-BE54-9A1E7A4F7556}") = "02.Raiding", "..\SOFTUNI OOP\04. Polymorphism - Exercise\02. Raiding\02.Raiding.csproj", "{650ACEEA-3A9B-4D58-80D5-B72FF3E7A400}"
EndProject
Project("{9A19103F-16F7-4668-BE54-9A1E7A4F7556}") = "03.WildFarm", "..\SOFTUNI OOP\04. Polymorphism - Exercise\03. Wild Farm\03.WildFarm.csproj", "{6D8B8767-F872-4166-9F8B-E57C032E9A36}"
EndProject
Project("{2150E333-8FDC-42A3-9474-1A3956D46DE8}") = "05. Reflection and Attributes - Exercise", "05. Reflection and Attributes - Exercise", "{882EB90C-D4CA-481C-9E66-6A628C0F1986}"
EndProject
Project("{9A19103F-16F7-4668-BE54-9A1E7A4F7556}") = "CommandPattern", "..\SOFTUNI OOP\05. Reflection and Attributes - Exercise\01. Command Pattern\CommandPattern.csproj", "{32902E70-71A0-4EFD-99C2-40D9F11BCD48}"
EndProject
Project("{9A19103F-16F7-4668-BE54-9A1E7A4F7556}") = "ValidationAttributes", "..\SOFTUNI OOP\05. Reflection and Attributes - Exercise\02. Validation Attributes\ValidationAttributes.csproj", "{533CDA93-975C-45F6-95F2-D40350DAA571}"
EndProject
Project("{2150E333-8FDC-42A3-9474-1A3956D46DE8}") = "06. Unit Testing - Exercises", "06. Unit Testing - Exercises", "{AF1BF2F4-2784-4EBD-931C-5D6829888C59}"
EndProject
Project("{9A19103F-16F7-4668-BE54-9A1E7A4F7556}") = "01.Database", "..\SOFTUNI OOP\06. Unit Testing - Exercises\01. Database\Database\01.Database.csproj", "{AEC2DF87-67B1-46AB-874F-12F288A76706}"
EndProject
Project("{9A19103F-16F7-4668-BE54-9A1E7A4F7556}") = "01.Database.Tests", "..\SOFTUNI OOP\06. Unit Testing - Exercises\01. Database\Database.Tests\01.Database.Tests.csproj", "{337D00B7-8B32-475D-923B-F4B2A3A141F1}"
EndProject
Project("{9A19103F-16F7-4668-BE54-9A1E7A4F7556}") = "02.CarManager.Tests", "..\SOFTUNI OOP\06. Unit Testing - Exercises\02. Car Manager\CarManager.Tests\02.CarManager.Tests.csproj", "{81B5F891-F49B-4358-AE12-029F2A4E413D}"
EndProject
Project("{9A19103F-16F7-4668-BE54-9A1E7A4F7556}") = "02.CarManager", "..\SOFTUNI OOP\06. Unit Testing - Exercises\02. Car Manager\CarManager\02.CarManager.csproj", "{86F7D679-87D0-43B7-BA94-71035F8705D9}"
EndProject
Global
	GlobalSection(SolutionConfigurationPlatforms) = preSolution
		Debug|Any CPU = Debug|Any CPU
		Release|Any CPU = Release|Any CPU
	EndGlobalSection
	GlobalSection(ProjectConfigurationPlatforms) = postSolution
		{70B481D3-FFC1-488F-B264-8CF02DE09563}.Debug|Any CPU.ActiveCfg = Debug|Any CPU
		{70B481D3-FFC1-488F-B264-8CF02DE09563}.Debug|Any CPU.Build.0 = Debug|Any CPU
		{70B481D3-FFC1-488F-B264-8CF02DE09563}.Release|Any CPU.ActiveCfg = Release|Any CPU
		{70B481D3-FFC1-488F-B264-8CF02DE09563}.Release|Any CPU.Build.0 = Release|Any CPU
		{ED595D78-73CE-47EA-8670-F206618F08B2}.Debug|Any CPU.ActiveCfg = Debug|Any CPU
		{ED595D78-73CE-47EA-8670-F206618F08B2}.Debug|Any CPU.Build.0 = Debug|Any CPU
		{ED595D78-73CE-47EA-8670-F206618F08B2}.Release|Any CPU.ActiveCfg = Release|Any CPU
		{ED595D78-73CE-47EA-8670-F206618F08B2}.Release|Any CPU.Build.0 = Release|Any CPU
		{17F92D99-8D32-4A50-8792-5F0FDABB6FCC}.Debug|Any CPU.ActiveCfg = Debug|Any CPU
		{17F92D99-8D32-4A50-8792-5F0FDABB6FCC}.Debug|Any CPU.Build.0 = Debug|Any CPU
		{17F92D99-8D32-4A50-8792-5F0FDABB6FCC}.Release|Any CPU.ActiveCfg = Release|Any CPU
		{17F92D99-8D32-4A50-8792-5F0FDABB6FCC}.Release|Any CPU.Build.0 = Release|Any CPU
		{74CFC909-3340-46DB-B80C-9B235B39A256}.Debug|Any CPU.ActiveCfg = Debug|Any CPU
		{74CFC909-3340-46DB-B80C-9B235B39A256}.Debug|Any CPU.Build.0 = Debug|Any CPU
		{74CFC909-3340-46DB-B80C-9B235B39A256}.Release|Any CPU.ActiveCfg = Release|Any CPU
		{74CFC909-3340-46DB-B80C-9B235B39A256}.Release|Any CPU.Build.0 = Release|Any CPU
		{2A57364F-B118-478F-B281-9BB4E37E75F4}.Debug|Any CPU.ActiveCfg = Debug|Any CPU
		{2A57364F-B118-478F-B281-9BB4E37E75F4}.Debug|Any CPU.Build.0 = Debug|Any CPU
		{2A57364F-B118-478F-B281-9BB4E37E75F4}.Release|Any CPU.ActiveCfg = Release|Any CPU
		{2A57364F-B118-478F-B281-9BB4E37E75F4}.Release|Any CPU.Build.0 = Release|Any CPU
		{CBF9E11D-B93A-4D92-BF78-ACC8AFEB3BD7}.Debug|Any CPU.ActiveCfg = Debug|Any CPU
		{CBF9E11D-B93A-4D92-BF78-ACC8AFEB3BD7}.Debug|Any CPU.Build.0 = Debug|Any CPU
		{CBF9E11D-B93A-4D92-BF78-ACC8AFEB3BD7}.Release|Any CPU.ActiveCfg = Release|Any CPU
		{CBF9E11D-B93A-4D92-BF78-ACC8AFEB3BD7}.Release|Any CPU.Build.0 = Release|Any CPU
		{87037EC7-2F23-4638-83BA-5E1B30A86165}.Debug|Any CPU.ActiveCfg = Debug|Any CPU
		{87037EC7-2F23-4638-83BA-5E1B30A86165}.Debug|Any CPU.Build.0 = Debug|Any CPU
		{87037EC7-2F23-4638-83BA-5E1B30A86165}.Release|Any CPU.ActiveCfg = Release|Any CPU
		{87037EC7-2F23-4638-83BA-5E1B30A86165}.Release|Any CPU.Build.0 = Release|Any CPU
		{A85B12C6-8EEC-44C1-89C2-C6AFF99396EA}.Debug|Any CPU.ActiveCfg = Debug|Any CPU
		{A85B12C6-8EEC-44C1-89C2-C6AFF99396EA}.Debug|Any CPU.Build.0 = Debug|Any CPU
		{A85B12C6-8EEC-44C1-89C2-C6AFF99396EA}.Release|Any CPU.ActiveCfg = Release|Any CPU
		{A85B12C6-8EEC-44C1-89C2-C6AFF99396EA}.Release|Any CPU.Build.0 = Release|Any CPU
		{87A618EA-E72C-43D7-A4E9-C6EFA58BBD5D}.Debug|Any CPU.ActiveCfg = Debug|Any CPU
		{87A618EA-E72C-43D7-A4E9-C6EFA58BBD5D}.Debug|Any CPU.Build.0 = Debug|Any CPU
		{87A618EA-E72C-43D7-A4E9-C6EFA58BBD5D}.Release|Any CPU.ActiveCfg = Release|Any CPU
		{87A618EA-E72C-43D7-A4E9-C6EFA58BBD5D}.Release|Any CPU.Build.0 = Release|Any CPU
		{E1D6B614-5E00-4055-A0C7-CEA325F7355A}.Debug|Any CPU.ActiveCfg = Debug|Any CPU
		{E1D6B614-5E00-4055-A0C7-CEA325F7355A}.Debug|Any CPU.Build.0 = Debug|Any CPU
		{E1D6B614-5E00-4055-A0C7-CEA325F7355A}.Release|Any CPU.ActiveCfg = Release|Any CPU
		{E1D6B614-5E00-4055-A0C7-CEA325F7355A}.Release|Any CPU.Build.0 = Release|Any CPU
		{844E140D-C905-4BFA-93D6-737FA16E75BE}.Debug|Any CPU.ActiveCfg = Debug|Any CPU
		{844E140D-C905-4BFA-93D6-737FA16E75BE}.Debug|Any CPU.Build.0 = Debug|Any CPU
		{844E140D-C905-4BFA-93D6-737FA16E75BE}.Release|Any CPU.ActiveCfg = Release|Any CPU
		{844E140D-C905-4BFA-93D6-737FA16E75BE}.Release|Any CPU.Build.0 = Release|Any CPU
		{8A2BCA26-21B0-4881-87D3-420B1C8A64D0}.Debug|Any CPU.ActiveCfg = Debug|Any CPU
		{8A2BCA26-21B0-4881-87D3-420B1C8A64D0}.Debug|Any CPU.Build.0 = Debug|Any CPU
		{8A2BCA26-21B0-4881-87D3-420B1C8A64D0}.Release|Any CPU.ActiveCfg = Release|Any CPU
		{8A2BCA26-21B0-4881-87D3-420B1C8A64D0}.Release|Any CPU.Build.0 = Release|Any CPU
		{AFFC305C-A33E-4FBF-8F7F-2A2438D28CD2}.Debug|Any CPU.ActiveCfg = Debug|Any CPU
		{AFFC305C-A33E-4FBF-8F7F-2A2438D28CD2}.Debug|Any CPU.Build.0 = Debug|Any CPU
		{AFFC305C-A33E-4FBF-8F7F-2A2438D28CD2}.Release|Any CPU.ActiveCfg = Release|Any CPU
		{AFFC305C-A33E-4FBF-8F7F-2A2438D28CD2}.Release|Any CPU.Build.0 = Release|Any CPU
		{6ABD8D8A-FEBC-4584-9210-8E8EB390D81D}.Debug|Any CPU.ActiveCfg = Debug|Any CPU
		{6ABD8D8A-FEBC-4584-9210-8E8EB390D81D}.Debug|Any CPU.Build.0 = Debug|Any CPU
		{6ABD8D8A-FEBC-4584-9210-8E8EB390D81D}.Release|Any CPU.ActiveCfg = Release|Any CPU
		{6ABD8D8A-FEBC-4584-9210-8E8EB390D81D}.Release|Any CPU.Build.0 = Release|Any CPU
		{66761913-8AD5-4FE6-A077-F5E8C0FE677A}.Debug|Any CPU.ActiveCfg = Debug|Any CPU
		{66761913-8AD5-4FE6-A077-F5E8C0FE677A}.Debug|Any CPU.Build.0 = Debug|Any CPU
		{66761913-8AD5-4FE6-A077-F5E8C0FE677A}.Release|Any CPU.ActiveCfg = Release|Any CPU
		{66761913-8AD5-4FE6-A077-F5E8C0FE677A}.Release|Any CPU.Build.0 = Release|Any CPU
		{A3DF77FC-2250-4354-9C7A-309B1A9DD19B}.Debug|Any CPU.ActiveCfg = Debug|Any CPU
		{A3DF77FC-2250-4354-9C7A-309B1A9DD19B}.Debug|Any CPU.Build.0 = Debug|Any CPU
		{A3DF77FC-2250-4354-9C7A-309B1A9DD19B}.Release|Any CPU.ActiveCfg = Release|Any CPU
		{A3DF77FC-2250-4354-9C7A-309B1A9DD19B}.Release|Any CPU.Build.0 = Release|Any CPU
		{650ACEEA-3A9B-4D58-80D5-B72FF3E7A400}.Debug|Any CPU.ActiveCfg = Debug|Any CPU
		{650ACEEA-3A9B-4D58-80D5-B72FF3E7A400}.Debug|Any CPU.Build.0 = Debug|Any CPU
		{650ACEEA-3A9B-4D58-80D5-B72FF3E7A400}.Release|Any CPU.ActiveCfg = Release|Any CPU
		{650ACEEA-3A9B-4D58-80D5-B72FF3E7A400}.Release|Any CPU.Build.0 = Release|Any CPU
		{6D8B8767-F872-4166-9F8B-E57C032E9A36}.Debug|Any CPU.ActiveCfg = Debug|Any CPU
		{6D8B8767-F872-4166-9F8B-E57C032E9A36}.Debug|Any CPU.Build.0 = Debug|Any CPU
		{6D8B8767-F872-4166-9F8B-E57C032E9A36}.Release|Any CPU.ActiveCfg = Release|Any CPU
		{6D8B8767-F872-4166-9F8B-E57C032E9A36}.Release|Any CPU.Build.0 = Release|Any CPU
		{32902E70-71A0-4EFD-99C2-40D9F11BCD48}.Debug|Any CPU.ActiveCfg = Debug|Any CPU
		{32902E70-71A0-4EFD-99C2-40D9F11BCD48}.Debug|Any CPU.Build.0 = Debug|Any CPU
		{32902E70-71A0-4EFD-99C2-40D9F11BCD48}.Release|Any CPU.ActiveCfg = Release|Any CPU
		{32902E70-71A0-4EFD-99C2-40D9F11BCD48}.Release|Any CPU.Build.0 = Release|Any CPU
		{533CDA93-975C-45F6-95F2-D40350DAA571}.Debug|Any CPU.ActiveCfg = Debug|Any CPU
		{533CDA93-975C-45F6-95F2-D40350DAA571}.Debug|Any CPU.Build.0 = Debug|Any CPU
		{533CDA93-975C-45F6-95F2-D40350DAA571}.Release|Any CPU.ActiveCfg = Release|Any CPU
		{533CDA93-975C-45F6-95F2-D40350DAA571}.Release|Any CPU.Build.0 = Release|Any CPU
		{AEC2DF87-67B1-46AB-874F-12F288A76706}.Debug|Any CPU.ActiveCfg = Debug|Any CPU
		{AEC2DF87-67B1-46AB-874F-12F288A76706}.Debug|Any CPU.Build.0 = Debug|Any CPU
		{AEC2DF87-67B1-46AB-874F-12F288A76706}.Release|Any CPU.ActiveCfg = Release|Any CPU
		{AEC2DF87-67B1-46AB-874F-12F288A76706}.Release|Any CPU.Build.0 = Release|Any CPU
		{337D00B7-8B32-475D-923B-F4B2A3A141F1}.Debug|Any CPU.ActiveCfg = Debug|Any CPU
		{337D00B7-8B32-475D-923B-F4B2A3A141F1}.Debug|Any CPU.Build.0 = Debug|Any CPU
		{337D00B7-8B32-475D-923B-F4B2A3A141F1}.Release|Any CPU.ActiveCfg = Release|Any CPU
		{337D00B7-8B32-475D-923B-F4B2A3A141F1}.Release|Any CPU.Build.0 = Release|Any CPU
		{81B5F891-F49B-4358-AE12-029F2A4E413D}.Debug|Any CPU.ActiveCfg = Debug|Any CPU
		{81B5F891-F49B-4358-AE12-029F2A4E413D}.Debug|Any CPU.Build.0 = Debug|Any CPU
		{81B5F891-F49B-4358-AE12-029F2A4E413D}.Release|Any CPU.ActiveCfg = Release|Any CPU
		{81B5F891-F49B-4358-AE12-029F2A4E413D}.Release|Any CPU.Build.0 = Release|Any CPU
		{86F7D679-87D0-43B7-BA94-71035F8705D9}.Debug|Any CPU.ActiveCfg = Debug|Any CPU
		{86F7D679-87D0-43B7-BA94-71035F8705D9}.Debug|Any CPU.Build.0 = Debug|Any CPU
		{86F7D679-87D0-43B7-BA94-71035F8705D9}.Release|Any CPU.ActiveCfg = Release|Any CPU
		{86F7D679-87D0-43B7-BA94-71035F8705D9}.Release|Any CPU.Build.0 = Release|Any CPU
	EndGlobalSection
	GlobalSection(SolutionProperties) = preSolution
		HideSolutionNode = FALSE
	EndGlobalSection
	GlobalSection(NestedProjects) = preSolution
		{70B481D3-FFC1-488F-B264-8CF02DE09563} = {432F7AAA-0152-41D4-9C45-6A1CB940A2CB}
		{ED595D78-73CE-47EA-8670-F206618F08B2} = {432F7AAA-0152-41D4-9C45-6A1CB940A2CB}
		{17F92D99-8D32-4A50-8792-5F0FDABB6FCC} = {432F7AAA-0152-41D4-9C45-6A1CB940A2CB}
		{74CFC909-3340-46DB-B80C-9B235B39A256} = {432F7AAA-0152-41D4-9C45-6A1CB940A2CB}
		{2A57364F-B118-478F-B281-9BB4E37E75F4} = {432F7AAA-0152-41D4-9C45-6A1CB940A2CB}
		{CBF9E11D-B93A-4D92-BF78-ACC8AFEB3BD7} = {432F7AAA-0152-41D4-9C45-6A1CB940A2CB}
		{87037EC7-2F23-4638-83BA-5E1B30A86165} = {030FC7D1-7F9D-4F4C-B079-B2A427A7B785}
		{A85B12C6-8EEC-44C1-89C2-C6AFF99396EA} = {030FC7D1-7F9D-4F4C-B079-B2A427A7B785}
		{87A618EA-E72C-43D7-A4E9-C6EFA58BBD5D} = {030FC7D1-7F9D-4F4C-B079-B2A427A7B785}
		{E1D6B614-5E00-4055-A0C7-CEA325F7355A} = {CA3DF2B2-3DA6-4FFF-A907-66A4AC26B9AB}
		{844E140D-C905-4BFA-93D6-737FA16E75BE} = {CA3DF2B2-3DA6-4FFF-A907-66A4AC26B9AB}
		{8A2BCA26-21B0-4881-87D3-420B1C8A64D0} = {CA3DF2B2-3DA6-4FFF-A907-66A4AC26B9AB}
		{AFFC305C-A33E-4FBF-8F7F-2A2438D28CD2} = {CA3DF2B2-3DA6-4FFF-A907-66A4AC26B9AB}
		{6ABD8D8A-FEBC-4584-9210-8E8EB390D81D} = {CA3DF2B2-3DA6-4FFF-A907-66A4AC26B9AB}
		{66761913-8AD5-4FE6-A077-F5E8C0FE677A} = {CA3DF2B2-3DA6-4FFF-A907-66A4AC26B9AB}
		{A3DF77FC-2250-4354-9C7A-309B1A9DD19B} = {ED776C36-C348-45D9-8A32-1E0FDCB66D68}
		{650ACEEA-3A9B-4D58-80D5-B72FF3E7A400} = {ED776C36-C348-45D9-8A32-1E0FDCB66D68}
		{6D8B8767-F872-4166-9F8B-E57C032E9A36} = {ED776C36-C348-45D9-8A32-1E0FDCB66D68}
		{32902E70-71A0-4EFD-99C2-40D9F11BCD48} = {882EB90C-D4CA-481C-9E66-6A628C0F1986}
		{533CDA93-975C-45F6-95F2-D40350DAA571} = {882EB90C-D4CA-481C-9E66-6A628C0F1986}
		{AEC2DF87-67B1-46AB-874F-12F288A76706} = {AF1BF2F4-2784-4EBD-931C-5D6829888C59}
		{337D00B7-8B32-475D-923B-F4B2A3A141F1} = {AF1BF2F4-2784-4EBD-931C-5D6829888C59}
		{81B5F891-F49B-4358-AE12-029F2A4E413D} = {AF1BF2F4-2784-4EBD-931C-5D6829888C59}
		{86F7D679-87D0-43B7-BA94-71035F8705D9} = {AF1BF2F4-2784-4EBD-931C-5D6829888C59}
	EndGlobalSection
	GlobalSection(ExtensibilityGlobals) = postSolution
		SolutionGuid = {4D0B1D2C-D2C3-49C5-88EE-B71568EC2A05}
	EndGlobalSection
EndGlobal
